
Microsoft Visual Studio Solution File, Format Version 12.00
# Visual Studio Version 16
VisualStudioVersion = 16.0.31105.61
MinimumVisualStudioVersion = 10.0.40219.1
Project("{9A19103F-16F7-4668-BE54-9A1E7A4F7556}") = "AllProducts.solution", "Product.solution\AllProducts.solution.csproj", "{CF5E8EAC-B91D-4217-BE56-FB4FE90C2C76}"
EndProject
Project("{9A19103F-16F7-4668-BE54-9A1E7A4F7556}") = "product.Data", "product.Data\product.Data.csproj", "{D3A67077-B1AE-49B8-8FD1-BC21ED88BBB8}"
EndProject
Global
	GlobalSection(SolutionConfigurationPlatforms) = preSolution
		Debug|Any CPU = Debug|Any CPU
		Release|Any CPU = Release|Any CPU
	EndGlobalSection
	GlobalSection(ProjectConfigurationPlatforms) = postSolution
		{CF5E8EAC-B91D-4217-BE56-FB4FE90C2C76}.Debug|Any CPU.ActiveCfg = Debug|Any CPU
		{CF5E8EAC-B91D-4217-BE56-FB4FE90C2C76}.Debug|Any CPU.Build.0 = Debug|Any CPU
		{CF5E8EAC-B91D-4217-BE56-FB4FE90C2C76}.Release|Any CPU.ActiveCfg = Release|Any CPU
		{CF5E8EAC-B91D-4217-BE56-FB4FE90C2C76}.Release|Any CPU.Build.0 = Release|Any CPU
		{D3A67077-B1AE-49B8-8FD1-BC21ED88BBB8}.Debug|Any CPU.ActiveCfg = Debug|Any CPU
		{D3A67077-B1AE-49B8-8FD1-BC21ED88BBB8}.Debug|Any CPU.Build.0 = Debug|Any CPU
		{D3A67077-B1AE-49B8-8FD1-BC21ED88BBB8}.Release|Any CPU.ActiveCfg = Release|Any CPU
		{D3A67077-B1AE-49B8-8FD1-BC21ED88BBB8}.Release|Any CPU.Build.0 = Release|Any CPU
	EndGlobalSection
	GlobalSection(SolutionProperties) = preSolution
		HideSolutionNode = FALSE
	EndGlobalSection
	GlobalSection(ExtensibilityGlobals) = postSolution
		SolutionGuid = {1177B335-C168-467C-9BA3-6B6E2BDCD7DA}
	EndGlobalSection
EndGlobal
